// !$*UTF8*$!
{
	archiveVersion = 1;
	classes = {
	};
	objectVersion = 50;
	objects = {

/* Begin PBXBuildFile section */
		01B560F622D9C6C500D39CDA /* AppDelegate.m in Sources */ = {isa = PBXBuildFile; fileRef = 01B560F522D9C6C500D39CDA /* AppDelegate.m */; };
		01B560F822D9C6C500D39CDA /* GameScene.sks in Resources */ = {isa = PBXBuildFile; fileRef = 01B560F722D9C6C500D39CDA /* GameScene.sks */; };
		01B560FA22D9C6C500D39CDA /* Actions.sks in Resources */ = {isa = PBXBuildFile; fileRef = 01B560F922D9C6C500D39CDA /* Actions.sks */; };
		01B560FD22D9C6C500D39CDA /* GameScene.m in Sources */ = {isa = PBXBuildFile; fileRef = 01B560FC22D9C6C500D39CDA /* GameScene.m */; };
		01B5610022D9C6C600D39CDA /* GameViewController.m in Sources */ = {isa = PBXBuildFile; fileRef = 01B560FF22D9C6C600D39CDA /* GameViewController.m */; };
		01B5610322D9C6C600D39CDA /* Main.storyboard in Resources */ = {isa = PBXBuildFile; fileRef = 01B5610122D9C6C600D39CDA /* Main.storyboard */; };
		01B5610522D9C6C700D39CDA /* Assets.xcassets in Resources */ = {isa = PBXBuildFile; fileRef = 01B5610422D9C6C700D39CDA /* Assets.xcassets */; };
		01B5610822D9C6C700D39CDA /* LaunchScreen.storyboard in Resources */ = {isa = PBXBuildFile; fileRef = 01B5610622D9C6C700D39CDA /* LaunchScreen.storyboard */; };
		01B5610B22D9C6C700D39CDA /* main.m in Sources */ = {isa = PBXBuildFile; fileRef = 01B5610A22D9C6C700D39CDA /* main.m */; };
/* End PBXBuildFile section */

/* Begin PBXFileReference section */
		01B560F122D9C6C500D39CDA /* GameTest.app */ = {isa = PBXFileReference; explicitFileType = wrapper.application; includeInIndex = 0; path = GameTest.app; sourceTree = BUILT_PRODUCTS_DIR; };
		01B560F422D9C6C500D39CDA /* AppDelegate.h */ = {isa = PBXFileReference; lastKnownFileType = sourcecode.c.h; path = AppDelegate.h; sourceTree = "<group>"; };
		01B560F522D9C6C500D39CDA /* AppDelegate.m */ = {isa = PBXFileReference; lastKnownFileType = sourcecode.c.objc; path = AppDelegate.m; sourceTree = "<group>"; };
		01B560F722D9C6C500D39CDA /* GameScene.sks */ = {isa = PBXFileReference; lastKnownFileType = file.sks; path = GameScene.sks; sourceTree = "<group>"; };
		01B560F922D9C6C500D39CDA /* Actions.sks */ = {isa = PBXFileReference; lastKnownFileType = file.sks; path = Actions.sks; sourceTree = "<group>"; };
		01B560FB22D9C6C500D39CDA /* GameScene.h */ = {isa = PBXFileReference; lastKnownFileType = sourcecode.c.h; path = GameScene.h; sourceTree = "<group>"; };
		01B560FC22D9C6C500D39CDA /* GameScene.m */ = {isa = PBXFileReference; lastKnownFileType = sourcecode.c.objc; path = GameScene.m; sourceTree = "<group>"; };
		01B560FE22D9C6C600D39CDA /* GameViewController.h */ = {isa = PBXFileReference; lastKnownFileType = sourcecode.c.h; path = GameViewController.h; sourceTree = "<group>"; };
		01B560FF22D9C6C600D39CDA /* GameViewController.m */ = {isa = PBXFileReference; lastKnownFileType = sourcecode.c.objc; path = GameViewController.m; sourceTree = "<group>"; };
		01B5610222D9C6C600D39CDA /* Base */ = {isa = PBXFileReference; lastKnownFileType = file.storyboard; name = Base; path = Base.lproj/Main.storyboard; sourceTree = "<group>"; };
		01B5610422D9C6C700D39CDA /* Assets.xcassets */ = {isa = PBXFileReference; lastKnownFileType = folder.assetcatalog; path = Assets.xcassets; sourceTree = "<group>"; };
		01B5610722D9C6C700D39CDA /* Base */ = {isa = PBXFileReference; lastKnownFileType = file.storyboard; name = Base; path = Base.lproj/LaunchScreen.storyboard; sourceTree = "<group>"; };
		01B5610922D9C6C700D39CDA /* Info.plist */ = {isa = PBXFileReference; lastKnownFileType = text.plist.xml; path = Info.plist; sourceTree = "<group>"; };
		01B5610A22D9C6C700D39CDA /* main.m */ = {isa = PBXFileReference; lastKnownFileType = sourcecode.c.objc; path = main.m; sourceTree = "<group>"; };
/* End PBXFileReference section */

/* Begin PBXFrameworksBuildPhase section */
		01B560EE22D9C6C500D39CDA /* Frameworks */ = {
			isa = PBXFrameworksBuildPhase;
			buildActionMask = 2147483647;
			files = (
			);
			runOnlyForDeploymentPostprocessing = 0;
		};
/* End PBXFrameworksBuildPhase section */

/* Begin PBXGroup section */
		01B560E822D9C6C500D39CDA = {
			isa = PBXGroup;
			children = (
				01B560F322D9C6C500D39CDA /* GameTest */,
				01B560F222D9C6C500D39CDA /* Products */,
			);
			sourceTree = "<group>";
		};
		01B560F222D9C6C500D39CDA /* Products */ = {
			isa = PBXGroup;
			children = (
				01B560F122D9C6C500D39CDA /* GameTest.app */,
			);
			name = Products;
			sourceTree = "<group>";
		};
		01B560F322D9C6C500D39CDA /* GameTest */ = {
			isa = PBXGroup;
			children = (
				01B560F422D9C6C500D39CDA /* AppDelegate.h */,
				01B560F522D9C6C500D39CDA /* AppDelegate.m */,
				01B560F722D9C6C500D39CDA /* GameScene.sks */,
				01B560F922D9C6C500D39CDA /* Actions.sks */,
				01B560FB22D9C6C500D39CDA /* GameScene.h */,
				01B560FC22D9C6C500D39CDA /* GameScene.m */,
				01B560FE22D9C6C600D39CDA /* GameViewController.h */,
				01B560FF22D9C6C600D39CDA /* GameViewController.m */,
				01B5610122D9C6C600D39CDA /* Main.storyboard */,
				01B5610422D9C6C700D39CDA /* Assets.xcassets */,
				01B5610622D9C6C700D39CDA /* LaunchScreen.storyboard */,
				01B5610922D9C6C700D39CDA /* Info.plist */,
				01B5610A22D9C6C700D39CDA /* main.m */,
			);
			path = GameTest;
			sourceTree = "<group>";
		};
/* End PBXGroup section */

/* Begin PBXNativeTarget section */
		01B560F022D9C6C500D39CDA /* GameTest */ = {
			isa = PBXNativeTarget;
			buildConfigurationList = 01B5610E22D9C6C700D39CDA /* Build configuration list for PBXNativeTarget "GameTest" */;
			buildPhases = (
				01B560ED22D9C6C500D39CDA /* Sources */,
				01B560EE22D9C6C500D39CDA /* Frameworks */,
				01B560EF22D9C6C500D39CDA /* Resources */,
			);
			buildRules = (
			);
			dependencies = (
			);
			name = GameTest;
			productName = GameTest;
			productReference = 01B560F122D9C6C500D39CDA /* GameTest.app */;
			productType = "com.apple.product-type.application";
		};
/* End PBXNativeTarget section */

/* Begin PBXProject section */
		01B560E922D9C6C500D39CDA /* Project object */ = {
			isa = PBXProject;
			attributes = {
				LastUpgradeCheck = 1020;
				ORGANIZATIONNAME = syhy;
				TargetAttributes = {
					01B560F022D9C6C500D39CDA = {
						CreatedOnToolsVersion = 10.2;
					};
				};
			};
			buildConfigurationList = 01B560EC22D9C6C500D39CDA /* Build configuration list for PBXProject "GameTest" */;
			compatibilityVersion = "Xcode 9.3";
			developmentRegion = en;
			hasScannedForEncodings = 0;
			knownRegions = (
				en,
				Base,
			);
			mainGroup = 01B560E822D9C6C500D39CDA;
			productRefGroup = 01B560F222D9C6C500D39CDA /* Products */;
			projectDirPath = "";
			projectRoot = "";
			targets = (
				01B560F022D9C6C500D39CDA /* GameTest */,
			);
		};
/* End PBXProject section */

/* Begin PBXResourcesBuildPhase section */
		01B560EF22D9C6C500D39CDA /* Resources */ = {
			isa = PBXResourcesBuildPhase;
			buildActionMask = 2147483647;
			files = (
				01B5610322D9C6C600D39CDA /* Main.storyboard in Resources */,
				01B560F822D9C6C500D39CDA /* GameScene.sks in Resources */,
				01B5610522D9C6C700D39CDA /* Assets.xcassets in Resources */,
				01B5610822D9C6C700D39CDA /* LaunchScreen.storyboard in Resources */,
				01B560FA22D9C6C500D39CDA /* Actions.sks in Resources */,
			);
			runOnlyForDeploymentPostprocessing = 0;
		};
/* End PBXResourcesBuildPhase section */

/* Begin PBXSourcesBuildPhase section */
		01B560ED22D9C6C500D39CDA /* Sources */ = {
			isa = PBXSourcesBuildPhase;
			buildActionMask = 2147483647;
			files = (
				01B560FD22D9C6C500D39CDA /* GameScene.m in Sources */,
				01B5610022D9C6C600D39CDA /* GameViewController.m in Sources */,
				01B5610B22D9C6C700D39CDA /* main.m in Sources */,
				01B560F622D9C6C500D39CDA /* AppDelegate.m in Sources */,
			);
			runOnlyForDeploymentPostprocessing = 0;
		};
/* End PBXSourcesBuildPhase section */

/* Begin PBXVariantGroup section */
		01B5610122D9C6C600D39CDA /* Main.storyboard */ = {
			isa = PBXVariantGroup;
			children = (
				01B5610222D9C6C600D39CDA /* Base */,
			);
			name = Main.storyboard;
			sourceTree = "<group>";
		};
		01B5610622D9C6C700D39CDA /* LaunchScreen.storyboard */ = {
			isa = PBXVariantGroup;
			children = (
				01B5610722D9C6C700D39CDA /* Base */,
			);
			name = LaunchScreen.storyboard;
			sourceTree = "<group>";
		};
/* End PBXVariantGroup section */

/* Begin XCBuildConfiguration section */
		01B5610C22D9C6C700D39CDA /* Debug */ = {
			isa = XCBuildConfiguration;
			buildSettings = {
				ALWAYS_SEARCH_USER_PATHS = NO;
				CLANG_ANALYZER_NONNULL = YES;
				CLANG_ANALYZER_NUMBER_OBJECT_CONVERSION = YES_AGGRESSIVE;
				CLANG_CXX_LANGUAGE_STANDARD = "gnu++14";
				CLANG_CXX_LIBRARY = "libc++";
				CLANG_ENABLE_MODULES = YES;
				CLANG_ENABLE_OBJC_ARC = YES;
				CLANG_ENABLE_OBJC_WEAK = YES;
				CLANG_WARN_BLOCK_CAPTURE_AUTORELEASING = YES;
				CLANG_WARN_BOOL_CONVERSION = YES;
				CLANG_WARN_COMMA = YES;
				CLANG_WARN_CONSTANT_CONVERSION = YES;
				CLANG_WARN_DEPRECATED_OBJC_IMPLEMENTATIONS = YES;
				CLANG_WARN_DIRECT_OBJC_ISA_USAGE = YES_ERROR;
				CLANG_WARN_DOCUMENTATION_COMMENTS = YES;
				CLANG_WARN_EMPTY_BODY = YES;
				CLANG_WARN_ENUM_CONVERSION = YES;
				CLANG_WARN_INFINITE_RECURSION = YES;
				CLANG_WARN_INT_CONVERSION = YES;
				CLANG_WARN_NON_LITERAL_NULL_CONVERSION = YES;
				CLANG_WARN_OBJC_IMPLICIT_RETAIN_SELF = YES;
				CLANG_WARN_OBJC_LITERAL_CONVERSION = YES;
				CLANG_WARN_OBJC_ROOT_CLASS = YES_ERROR;
				CLANG_WARN_RANGE_LOOP_ANALYSIS = YES;
				CLANG_WARN_STRICT_PROTOTYPES = YES;
				CLANG_WARN_SUSPICIOUS_MOVE = YES;
				CLANG_WARN_UNGUARDED_AVAILABILITY = YES_AGGRESSIVE;
				CLANG_WARN_UNREACHABLE_CODE = YES;
				CLANG_WARN__DUPLICATE_METHOD_MATCH = YES;
				CODE_SIGN_IDENTITY = "iPhone Developer";
				COPY_PHASE_STRIP = NO;
				DEBUG_INFORMATION_FORMAT = dwarf;
				ENABLE_STRICT_OBJC_MSGSEND = YES;
				ENABLE_TESTABILITY = YES;
				GCC_C_LANGUAGE_STANDARD = gnu11;
				GCC_DYNAMIC_NO_PIC = NO;
				GCC_NO_COMMON_BLOCKS = YES;
				GCC_OPTIMIZATION_LEVEL = 0;
				GCC_PREPROCESSOR_DEFINITIONS = (
					"DEBUG=1",
					"$(inherited)",
				);
				GCC_WARN_64_TO_32_BIT_CONVERSION = YES;
				GCC_WARN_ABOUT_RETURN_TYPE = YES_ERROR;
				GCC_WARN_UNDECLARED_SELECTOR = YES;
				GCC_WARN_UNINITIALIZED_AUTOS = YES_AGGRESSIVE;
				GCC_WARN_UNUSED_FUNCTION = YES;
				GCC_WARN_UNUSED_VARIABLE = YES;
				IPHONEOS_DEPLOYMENT_TARGET = 12.2;
				MTL_ENABLE_DEBUG_INFO = INCLUDE_SOURCE;
				MTL_FAST_MATH = YES;
				ONLY_ACTIVE_ARCH = YES;
				SDKROOT = iphoneos;
			};
			name = Debug;
		};
		01B5610D22D9C6C700D39CDA /* Release */ = {
			isa = XCBuildConfiguration;
			buildSettings = {
				ALWAYS_SEARCH_USER_PATHS = NO;
				CLANG_ANALYZER_NONNULL = YES;
				CLANG_ANALYZER_NUMBER_OBJECT_CONVERSION = YES_AGGRESSIVE;
				CLANG_CXX_LANGUAGE_STANDARD = "gnu++14";
				CLANG_CXX_LIBRARY = "libc++";
				CLANG_ENABLE_MODULES = YES;
				CLANG_ENABLE_OBJC_ARC = YES;
				CLANG_ENABLE_OBJC_WEAK = YES;
				CLANG_WARN_BLOCK_CAPTURE_AUTORELEASING = YES;
				CLANG_WARN_BOOL_CONVERSION = YES;
				CLANG_WARN_COMMA = YES;
				CLANG_WARN_CONSTANT_CONVERSION = YES;
				CLANG_WARN_DEPRECATED_OBJC_IMPLEMENTATIONS = YES;
				CLANG_WARN_DIRECT_OBJC_ISA_USAGE = YES_ERROR;
				CLANG_WARN_DOCUMENTATION_COMMENTS = YES;
				CLANG_WARN_EMPTY_BODY = YES;
				CLANG_WARN_ENUM_CONVERSION = YES;
				CLANG_WARN_INFINITE_RECURSION = YES;
				CLANG_WARN_INT_CONVERSION = YES;
				CLANG_WARN_NON_LITERAL_NULL_CONVERSION = YES;
				CLANG_WARN_OBJC_IMPLICIT_RETAIN_SELF = YES;
				CLANG_WARN_OBJC_LITERAL_CONVERSION = YES;
				CLANG_WARN_OBJC_ROOT_CLASS = YES_ERROR;
				CLANG_WARN_RANGE_LOOP_ANALYSIS = YES;
				CLANG_WARN_STRICT_PROTOTYPES = YES;
				CLANG_WARN_SUSPICIOUS_MOVE = YES;
				CLANG_WARN_UNGUARDED_AVAILABILITY = YES_AGGRESSIVE;
				CLANG_WARN_UNREACHABLE_CODE = YES;
				CLANG_WARN__DUPLICATE_METHOD_MATCH = YES;
				CODE_SIGN_IDENTITY = "iPhone Developer";
				COPY_PHASE_STRIP = NO;
				DEBUG_INFORMATION_FORMAT = "dwarf-with-dsym";
				ENABLE_NS_ASSERTIONS = NO;
				ENABLE_STRICT_OBJC_MSGSEND = YES;
				GCC_C_LANGUAGE_STANDARD = gnu11;
				GCC_NO_COMMON_BLOCKS = YES;
				GCC_WARN_64_TO_32_BIT_CONVERSION = YES;
				GCC_WARN_ABOUT_RETURN_TYPE = YES_ERROR;
				GCC_WARN_UNDECLARED_SELECTOR = YES;
				GCC_WARN_UNINITIALIZED_AUTOS = YES_AGGRESSIVE;
				GCC_WARN_UNUSED_FUNCTION = YES;
				GCC_WARN_UNUSED_VARIABLE = YES;
				IPHONEOS_DEPLOYMENT_TARGET = 12.2;
				MTL_ENABLE_DEBUG_INFO = NO;
				MTL_FAST_MATH = YES;
				SDKROOT = iphoneos;
				VALIDATE_PRODUCT = YES;
			};
			name = Release;
		};
		01B5610F22D9C6C700D39CDA /* Debug */ = {
			isa = XCBuildConfiguration;
			buildSettings = {
				ASSETCATALOG_COMPILER_APPICON_NAME = AppIcon;
				CODE_SIGN_STYLE = Automatic;
				DEVELOPMENT_TEAM = T2LARLG253;
				INFOPLIST_FILE = GameTest/Info.plist;
				LD_RUNPATH_SEARCH_PATHS = (
					"$(inherited)",
					"@executable_path/Frameworks",
				);
				PRODUCT_BUNDLE_IDENTIFIER = com.BeastGame.i.mhsg.GameTest;
				PRODUCT_NAME = "$(TARGET_NAME)";
				TARGETED_DEVICE_FAMILY = "1,2";
			};
			name = Debug;
		};
		01B5611022D9C6C700D39CDA /* Release */ = {
			isa = XCBuildConfiguration;
			buildSettings = {
				ASSETCATALOG_COMPILER_APPICON_NAME = AppIcon;
				CODE_SIGN_STYLE = Automatic;
				DEVELOPMENT_TEAM = T2LARLG253;
				INFOPLIST_FILE = GameTest/Info.plist;
				LD_RUNPATH_SEARCH_PATHS = (
					"$(inherited)",
					"@executable_path/Frameworks",
				);
				PRODUCT_BUNDLE_IDENTIFIER = com.BeastGame.i.mhsg.GameTest;
				PRODUCT_NAME = "$(TARGET_NAME)";
				TARGETED_DEVICE_FAMILY = "1,2";
			};
			name = Release;
		};
/* End XCBuildConfiguration section */

/* Begin XCConfigurationList section */
		01B560EC22D9C6C500D39CDA /* Build configuration list for PBXProject "GameTest" */ = {
			isa = XCConfigurationList;
			buildConfigurations = (
				01B5610C22D9C6C700D39CDA /* Debug */,
				01B5610D22D9C6C700D39CDA /* Release */,
			);
			defaultConfigurationIsVisible = 0;
			defaultConfigurationName = Release;
		};
		01B5610E22D9C6C700D39CDA /* Build configuration list for PBXNativeTarget "GameTest" */ = {
			isa = XCConfigurationList;
			buildConfigurations = (
				01B5610F22D9C6C700D39CDA /* Debug */,
				01B5611022D9C6C700D39CDA /* Release */,
			);
			defaultConfigurationIsVisible = 0;
			defaultConfigurationName = Release;
		};
/* End XCConfigurationList section */
	};
	rootObject = 01B560E922D9C6C500D39CDA /* Project object */;
}
